
Microsoft Visual Studio Solution File, Format Version 12.00
# Visual Studio Version 17
VisualStudioVersion = 17.8.34330.188
MinimumVisualStudioVersion = 10.0.40219.1
Project("{FAE04EC0-301F-11D3-BF4B-00C04F79EFBC}") = "Blog", "Blog.csproj", "{60EDACE9-F36B-4DFA-B386-EA74BB9DE1F7}"
EndProject
Global
	GlobalSection(SolutionConfigurationPlatforms) = preSolution
		Debug|Any CPU = Debug|Any CPU
		Release|Any CPU = Release|Any CPU
	EndGlobalSection
	GlobalSection(ProjectConfigurationPlatforms) = postSolution
		{60EDACE9-F36B-4DFA-B386-EA74BB9DE1F7}.Debug|Any CPU.ActiveCfg = Debug|Any CPU
		{60EDACE9-F36B-4DFA-B386-EA74BB9DE1F7}.Debug|Any CPU.Build.0 = Debug|Any CPU
		{60EDACE9-F36B-4DFA-B386-EA74BB9DE1F7}.Release|Any CPU.ActiveCfg = Release|Any CPU
		{60EDACE9-F36B-4DFA-B386-EA74BB9DE1F7}.Release|Any CPU.Build.0 = Release|Any CPU
	EndGlobalSection
	GlobalSection(SolutionProperties) = preSolution
		HideSolutionNode = FALSE
	EndGlobalSection
	GlobalSection(ExtensibilityGlobals) = postSolution
		SolutionGuid = {0D82731E-C7DF-4E8A-88E2-CE7C0B4A1967}
	EndGlobalSection
EndGlobal
